
Microsoft Visual Studio Solution File, Format Version 12.00
# Visual Studio 2012
Project("{FAE04EC0-301F-11D3-BF4B-00C04F79EFBC}") = "rasgele_sayi_uret_RANDOM", "rasgele_sayi_uret_RANDOM\rasgele_sayi_uret_RANDOM.csproj", "{89D62E9E-1C40-43A3-9010-83FA1D25D12E}"
EndProject
Global
	GlobalSection(SolutionConfigurationPlatforms) = preSolution
		Debug|Any CPU = Debug|Any CPU
		Release|Any CPU = Release|Any CPU
	EndGlobalSection
	GlobalSection(ProjectConfigurationPlatforms) = postSolution
		{89D62E9E-1C40-43A3-9010-83FA1D25D12E}.Debug|Any CPU.ActiveCfg = Debug|Any CPU
		{89D62E9E-1C40-43A3-9010-83FA1D25D12E}.Debug|Any CPU.Build.0 = Debug|Any CPU
		{89D62E9E-1C40-43A3-9010-83FA1D25D12E}.Release|Any CPU.ActiveCfg = Release|Any CPU
		{89D62E9E-1C40-43A3-9010-83FA1D25D12E}.Release|Any CPU.Build.0 = Release|Any CPU
	EndGlobalSection
	GlobalSection(SolutionProperties) = preSolution
		HideSolutionNode = FALSE
	EndGlobalSection
EndGlobal
